
Microsoft Visual Studio Solution File, Format Version 11.00
# Visual Studio 2010
Project("{FAE04EC0-301F-11D3-BF4B-00C04F79EFBC}") = "VishnuServiceLab7", "VishnuServiceLab7\VishnuServiceLab7.csproj", "{554E5DFA-BC19-47E1-AB38-10C291F5F046}"
EndProject
Global
	GlobalSection(SolutionConfigurationPlatforms) = preSolution
		Debug|Any CPU = Debug|Any CPU
		Release|Any CPU = Release|Any CPU
	EndGlobalSection
	GlobalSection(ProjectConfigurationPlatforms) = postSolution
		{554E5DFA-BC19-47E1-AB38-10C291F5F046}.Debug|Any CPU.ActiveCfg = Debug|Any CPU
		{554E5DFA-BC19-47E1-AB38-10C291F5F046}.Debug|Any CPU.Build.0 = Debug|Any CPU
		{554E5DFA-BC19-47E1-AB38-10C291F5F046}.Release|Any CPU.ActiveCfg = Release|Any CPU
		{554E5DFA-BC19-47E1-AB38-10C291F5F046}.Release|Any CPU.Build.0 = Release|Any CPU
	EndGlobalSection
	GlobalSection(SolutionProperties) = preSolution
		HideSolutionNode = FALSE
	EndGlobalSection
EndGlobal
